Microsoft Visual Studio Solution File, Format Version 11.00
# Visual Studio 2008

Project("{D2E9C62A-5747-9FEF-2880-5C2ADEDB5A28}") = "Terrain-lab", "Assembly-CSharp-firstpass.csproj", "{FE0EECF6-8D5A-D06D-8D24-3A143995058D}"
EndProject
Project("{D2E9C62A-5747-9FEF-2880-5C2ADEDB5A28}") = "Terrain-lab", "Assembly-CSharp.csproj", "{69251C3C-D8FD-2EE2-61C1-B599F018CB32}"
EndProject
Project("{D2E9C62A-5747-9FEF-2880-5C2ADEDB5A28}") = "Terrain-lab", "Assembly-UnityScript-firstpass.unityproj", "{1874EEC9-5467-406E-416A-095FD4CCDEDD}"
EndProject
Global
	GlobalSection(SolutionConfigurationPlatforms) = preSolution
		Debug|Any CPU = Debug|Any CPU
		Release|Any CPU = Release|Any CPU
	EndGlobalSection
	GlobalSection(ProjectConfigurationPlatforms) = postSolution
		{FE0EECF6-8D5A-D06D-8D24-3A143995058D}.Debug|Any CPU.ActiveCfg = Debug|Any CPU
		{FE0EECF6-8D5A-D06D-8D24-3A143995058D}.Debug|Any CPU.Build.0 = Debug|Any CPU
		{FE0EECF6-8D5A-D06D-8D24-3A143995058D}.Release|Any CPU.ActiveCfg = Release|Any CPU
		{FE0EECF6-8D5A-D06D-8D24-3A143995058D}.Release|Any CPU.Build.0 = Release|Any CPU
		{69251C3C-D8FD-2EE2-61C1-B599F018CB32}.Debug|Any CPU.ActiveCfg = Debug|Any CPU
		{69251C3C-D8FD-2EE2-61C1-B599F018CB32}.Debug|Any CPU.Build.0 = Debug|Any CPU
		{69251C3C-D8FD-2EE2-61C1-B599F018CB32}.Release|Any CPU.ActiveCfg = Release|Any CPU
		{69251C3C-D8FD-2EE2-61C1-B599F018CB32}.Release|Any CPU.Build.0 = Release|Any CPU
		{1874EEC9-5467-406E-416A-095FD4CCDEDD}.Debug|Any CPU.ActiveCfg = Debug|Any CPU
		{1874EEC9-5467-406E-416A-095FD4CCDEDD}.Debug|Any CPU.Build.0 = Debug|Any CPU
		{1874EEC9-5467-406E-416A-095FD4CCDEDD}.Release|Any CPU.ActiveCfg = Release|Any CPU
		{1874EEC9-5467-406E-416A-095FD4CCDEDD}.Release|Any CPU.Build.0 = Release|Any CPU
	EndGlobalSection
	GlobalSection(SolutionProperties) = preSolution
		HideSolutionNode = FALSE
	EndGlobalSection
		GlobalSection(MonoDevelopProperties) = preSolution
		StartupItem = Assembly-CSharp.csproj
		Policies = $0
		$0.TextStylePolicy = $1
		$1.inheritsSet = null
		$1.scope = text/x-csharp
		$0.CSharpFormattingPolicy = $2
		$2.inheritsSet = Mono
		$2.inheritsScope = text/x-csharp
		$2.scope = text/x-csharp
		$0.TextStylePolicy = $3
		$3.FileWidth = 120
		$3.TabWidth = 4
		$3.EolMarker = Unix
		$3.inheritsSet = Mono
		$3.inheritsScope = text/plain
		$3.scope = text/plain
	EndGlobalSection

EndGlobal
